// !$*UTF8*$!
{
	archiveVersion = 1;
	classes = {
	};
	objectVersion = 46;
	objects = {

/* Begin PBXBuildFile section */
		63A5E4B01850622F00B6EA42 /* CoreVideo.framework in Frameworks */ = {isa = PBXBuildFile; fileRef = 63A5E4AF1850622F00B6EA42 /* CoreVideo.framework */; };
		63A5E4B21850623800B6EA42 /* AVFoundation.framework in Frameworks */ = {isa = PBXBuildFile; fileRef = 63A5E4B11850623800B6EA42 /* AVFoundation.framework */; };
		63A5E4B41850624500B6EA42 /* CoreMedia.framework in Frameworks */ = {isa = PBXBuildFile; fileRef = 63A5E4B31850624500B6EA42 /* CoreMedia.framework */; };
		63A5E4B61850626900B6EA42 /* libiconv.dylib in Frameworks */ = {isa = PBXBuildFile; fileRef = 63A5E4B51850626900B6EA42 /* libiconv.dylib */; };
		63A5E4B81850628A00B6EA42 /* QuartzCore.framework in Frameworks */ = {isa = PBXBuildFile; fileRef = 63A5E4B71850628A00B6EA42 /* QuartzCore.framework */; };
		63AD48B51847302400CA3E75 /* bitstream.c in Sources */ = {isa = PBXBuildFile; fileRef = 63AD48A31847302400CA3E75 /* bitstream.c */; };
		63AD48B61847302400CA3E75 /* mask.c in Sources */ = {isa = PBXBuildFile; fileRef = 63AD48A51847302400CA3E75 /* mask.c */; };
		63AD48B71847302400CA3E75 /* QRCodeGenerator.m in Sources */ = {isa = PBXBuildFile; fileRef = 63AD48A81847302400CA3E75 /* QRCodeGenerator.m */; };
		63AD48B81847302400CA3E75 /* qrencode.c in Sources */ = {isa = PBXBuildFile; fileRef = 63AD48A91847302400CA3E75 /* qrencode.c */; };
		63AD48B91847302400CA3E75 /* qrinput.c in Sources */ = {isa = PBXBuildFile; fileRef = 63AD48AB1847302400CA3E75 /* qrinput.c */; };
		63AD48BA1847302400CA3E75 /* qrspec.c in Sources */ = {isa = PBXBuildFile; fileRef = 63AD48AD1847302400CA3E75 /* qrspec.c */; };
		63AD48BB1847302400CA3E75 /* rscode.c in Sources */ = {isa = PBXBuildFile; fileRef = 63AD48AF1847302400CA3E75 /* rscode.c */; };
		63AD48BC1847302400CA3E75 /* split.c in Sources */ = {isa = PBXBuildFile; fileRef = 63AD48B11847302400CA3E75 /* split.c */; };
		63AD48BD1847302400CA3E75 /* TRFilterGenerator.m in Sources */ = {isa = PBXBuildFile; fileRef = 63AD48B41847302400CA3E75 /* TRFilterGenerator.m */; };
		9647CC771855B22900DA9FD4 /* CIMG0285.JPG in Resources */ = {isa = PBXBuildFile; fileRef = 9647CC761855B22900DA9FD4 /* CIMG0285.JPG */; };
		9647CC781855B22900DA9FD4 /* CIMG0285.JPG in Resources */ = {isa = PBXBuildFile; fileRef = 9647CC761855B22900DA9FD4 /* CIMG0285.JPG */; };
		96528DCC184F001300282341 /* CITransitionHelper.m in Sources */ = {isa = PBXBuildFile; fileRef = 96528DCB184F001300282341 /* CITransitionHelper.m */; };
		96528DCD184F001300282341 /* CITransitionHelper.m in Sources */ = {isa = PBXBuildFile; fileRef = 96528DCB184F001300282341 /* CITransitionHelper.m */; };
		96528DD0184F001E00282341 /* TransitionView.m in Sources */ = {isa = PBXBuildFile; fileRef = 96528DCF184F001E00282341 /* TransitionView.m */; };
		96528DD1184F001E00282341 /* TransitionView.m in Sources */ = {isa = PBXBuildFile; fileRef = 96528DCF184F001E00282341 /* TransitionView.m */; };
		96528DD3184F013A00282341 /* mask.jpg in Resources */ = {isa = PBXBuildFile; fileRef = 96528DD2184F013A00282341 /* mask.jpg */; };
		96528DD4184F013A00282341 /* mask.jpg in Resources */ = {isa = PBXBuildFile; fileRef = 96528DD2184F013A00282341 /* mask.jpg */; };
		96528DD6184F070100282341 /* GLKit.framework in Frameworks */ = {isa = PBXBuildFile; fileRef = 96528DD5184F070100282341 /* GLKit.framework */; };
		965C774C1845EF7C00A29836 /* Foundation.framework in Frameworks */ = {isa = PBXBuildFile; fileRef = 965C774B1845EF7C00A29836 /* Foundation.framework */; };
		965C774E1845EF7C00A29836 /* CoreGraphics.framework in Frameworks */ = {isa = PBXBuildFile; fileRef = 965C774D1845EF7C00A29836 /* CoreGraphics.framework */; };
		965C77501845EF7C00A29836 /* UIKit.framework in Frameworks */ = {isa = PBXBuildFile; fileRef = 965C774F1845EF7C00A29836 /* UIKit.framework */; };
		965C77561845EF7C00A29836 /* InfoPlist.strings in Resources */ = {isa = PBXBuildFile; fileRef = 965C77541845EF7C00A29836 /* InfoPlist.strings */; };
		965C77581845EF7C00A29836 /* main.m in Sources */ = {isa = PBXBuildFile; fileRef = 965C77571845EF7C00A29836 /* main.m */; };
		965C775C1845EF7C00A29836 /* TRAppDelegate.m in Sources */ = {isa = PBXBuildFile; fileRef = 965C775B1845EF7C00A29836 /* TRAppDelegate.m */; };
		965C775F1845EF7C00A29836 /* Main_iPhone.storyboard in Resources */ = {isa = PBXBuildFile; fileRef = 965C775D1845EF7C00A29836 /* Main_iPhone.storyboard */; };
		965C77621845EF7C00A29836 /* Main_iPad.storyboard in Resources */ = {isa = PBXBuildFile; fileRef = 965C77601845EF7C00A29836 /* Main_iPad.storyboard */; };
		965C77651845EF7C00A29836 /* TRViewController.m in Sources */ = {isa = PBXBuildFile; fileRef = 965C77641845EF7C00A29836 /* TRViewController.m */; };
		965C776E1845EF7C00A29836 /* XCTest.framework in Frameworks */ = {isa = PBXBuildFile; fileRef = 965C776D1845EF7C00A29836 /* XCTest.framework */; };
		965C776F1845EF7D00A29836 /* Foundation.framework in Frameworks */ = {isa = PBXBuildFile; fileRef = 965C774B1845EF7C00A29836 /* Foundation.framework */; };
		965C77701845EF7D00A29836 /* UIKit.framework in Frameworks */ = {isa = PBXBuildFile; fileRef = 965C774F1845EF7C00A29836 /* UIKit.framework */; };
		965C77781845EF7D00A29836 /* InfoPlist.strings in Resources */ = {isa = PBXBuildFile; fileRef = 965C77761845EF7D00A29836 /* InfoPlist.strings */; };
		965C777A1845EF7D00A29836 /* QRComposeEffectsTests.m in Sources */ = {isa = PBXBuildFile; fileRef = 965C77791845EF7D00A29836 /* QRComposeEffectsTests.m */; };
		965C778418460E0B00A29836 /* CoreImage.framework in Frameworks */ = {isa = PBXBuildFile; fileRef = 965C778318460E0B00A29836 /* CoreImage.framework */; };
		965C77861848AC6B00A29836 /* Images.xcassets in Resources */ = {isa = PBXBuildFile; fileRef = 965C77851848AC6B00A29836 /* Images.xcassets */; };
		965C77871848AC6B00A29836 /* Images.xcassets in Resources */ = {isa = PBXBuildFile; fileRef = 965C77851848AC6B00A29836 /* Images.xcassets */; };
		965C77891848AC7C00A29836 /* IMG_5623.JPG in Resources */ = {isa = PBXBuildFile; fileRef = 965C77881848AC7C00A29836 /* IMG_5623.JPG */; };
		965C778A1848AC7C00A29836 /* IMG_5623.JPG in Resources */ = {isa = PBXBuildFile; fileRef = 965C77881848AC7C00A29836 /* IMG_5623.JPG */; };
		9681B5671862EE3300014EF2 /* texture1.jpg in Resources */ = {isa = PBXBuildFile; fileRef = 9681B5661862EE3300014EF2 /* texture1.jpg */; };
		9681B5681862EE3300014EF2 /* texture1.jpg in Resources */ = {isa = PBXBuildFile; fileRef = 9681B5661862EE3300014EF2 /* texture1.jpg */; };
/* End PBXBuildFile section */

/* Begin PBXContainerItemProxy section */
		965C77711845EF7D00A29836 /* PBXContainerItemProxy */ = {
			isa = PBXContainerItemProxy;
			containerPortal = 965C77401845EF7C00A29836 /* Project object */;
			proxyType = 1;
			remoteGlobalIDString = 965C77471845EF7C00A29836;
			remoteInfo = QRComposeEffects;
		};
/* End PBXContainerItemProxy section */

/* Begin PBXFileReference section */
		63A5E4AF1850622F00B6EA42 /* CoreVideo.framework */ = {isa = PBXFileReference; lastKnownFileType = wrapper.framework; name = CoreVideo.framework; path = System/Library/Frameworks/CoreVideo.framework; sourceTree = SDKROOT; };
		63A5E4B11850623800B6EA42 /* AVFoundation.framework */ = {isa = PBXFileReference; lastKnownFileType = wrapper.framework; name = AVFoundation.framework; path = System/Library/Frameworks/AVFoundation.framework; sourceTree = SDKROOT; };
		63A5E4B31850624500B6EA42 /* CoreMedia.framework */ = {isa = PBXFileReference; lastKnownFileType = wrapper.framework; name = CoreMedia.framework; path = System/Library/Frameworks/CoreMedia.framework; sourceTree = SDKROOT; };
		63A5E4B51850626900B6EA42 /* libiconv.dylib */ = {isa = PBXFileReference; lastKnownFileType = "compiled.mach-o.dylib"; name = libiconv.dylib; path = usr/lib/libiconv.dylib; sourceTree = SDKROOT; };
		63A5E4B71850628A00B6EA42 /* QuartzCore.framework */ = {isa = PBXFileReference; lastKnownFileType = wrapper.framework; name = QuartzCore.framework; path = System/Library/Frameworks/QuartzCore.framework; sourceTree = SDKROOT; };
		63AD48A31847302400CA3E75 /* bitstream.c */ = {isa = PBXFileReference; fileEncoding = 4; lastKnownFileType = sourcecode.c.c; path = bitstream.c; sourceTree = "<group>"; };
		63AD48A41847302400CA3E75 /* bitstream.h */ = {isa = PBXFileReference; fileEncoding = 4; lastKnownFileType = sourcecode.c.h; path = bitstream.h; sourceTree = "<group>"; };
		63AD48A51847302400CA3E75 /* mask.c */ = {isa = PBXFileReference; fileEncoding = 4; lastKnownFileType = sourcecode.c.c; path = mask.c; sourceTree = "<group>"; };
		63AD48A61847302400CA3E75 /* mask.h */ = {isa = PBXFileReference; fileEncoding = 4; lastKnownFileType = sourcecode.c.h; path = mask.h; sourceTree = "<group>"; };
		63AD48A71847302400CA3E75 /* QRCodeGenerator.h */ = {isa = PBXFileReference; fileEncoding = 4; lastKnownFileType = sourcecode.c.h; path = QRCodeGenerator.h; sourceTree = "<group>"; };
		63AD48A81847302400CA3E75 /* QRCodeGenerator.m */ = {isa = PBXFileReference; fileEncoding = 4; lastKnownFileType = sourcecode.c.objc; path = QRCodeGenerator.m; sourceTree = "<group>"; };
		63AD48A91847302400CA3E75 /* qrencode.c */ = {isa = PBXFileReference; fileEncoding = 4; lastKnownFileType = sourcecode.c.c; path = qrencode.c; sourceTree = "<group>"; };
		63AD48AA1847302400CA3E75 /* qrencode.h */ = {isa = PBXFileReference; fileEncoding = 4; lastKnownFileType = sourcecode.c.h; path = qrencode.h; sourceTree = "<group>"; };
		63AD48AB1847302400CA3E75 /* qrinput.c */ = {isa = PBXFileReference; fileEncoding = 4; lastKnownFileType = sourcecode.c.c; path = qrinput.c; sourceTree = "<group>"; };
		63AD48AC1847302400CA3E75 /* qrinput.h */ = {isa = PBXFileReference; fileEncoding = 4; lastKnownFileType = sourcecode.c.h; path = qrinput.h; sourceTree = "<group>"; };
		63AD48AD1847302400CA3E75 /* qrspec.c */ = {isa = PBXFileReference; fileEncoding = 4; lastKnownFileType = sourcecode.c.c; path = qrspec.c; sourceTree = "<group>"; };
		63AD48AE1847302400CA3E75 /* qrspec.h */ = {isa = PBXFileReference; fileEncoding = 4; lastKnownFileType = sourcecode.c.h; path = qrspec.h; sourceTree = "<group>"; };
		63AD48AF1847302400CA3E75 /* rscode.c */ = {isa = PBXFileReference; fileEncoding = 4; lastKnownFileType = sourcecode.c.c; path = rscode.c; sourceTree = "<group>"; };
		63AD48B01847302400CA3E75 /* rscode.h */ = {isa = PBXFileReference; fileEncoding = 4; lastKnownFileType = sourcecode.c.h; path = rscode.h; sourceTree = "<group>"; };
		63AD48B11847302400CA3E75 /* split.c */ = {isa = PBXFileReference; fileEncoding = 4; lastKnownFileType = sourcecode.c.c; path = split.c; sourceTree = "<group>"; };
		63AD48B21847302400CA3E75 /* split.h */ = {isa = PBXFileReference; fileEncoding = 4; lastKnownFileType = sourcecode.c.h; path = split.h; sourceTree = "<group>"; };
		63AD48B31847302400CA3E75 /* TRFilterGenerator.h */ = {isa = PBXFileReference; fileEncoding = 4; lastKnownFileType = sourcecode.c.h; path = TRFilterGenerator.h; sourceTree = "<group>"; };
		63AD48B41847302400CA3E75 /* TRFilterGenerator.m */ = {isa = PBXFileReference; fileEncoding = 4; lastKnownFileType = sourcecode.c.objc; path = TRFilterGenerator.m; sourceTree = "<group>"; };
		9647CC761855B22900DA9FD4 /* CIMG0285.JPG */ = {isa = PBXFileReference; lastKnownFileType = image.jpeg; path = CIMG0285.JPG; sourceTree = "<group>"; };
		96528DCA184F001300282341 /* CITransitionHelper.h */ = {isa = PBXFileReference; fileEncoding = 4; lastKnownFileType = sourcecode.c.h; path = CITransitionHelper.h; sourceTree = "<group>"; };
		96528DCB184F001300282341 /* CITransitionHelper.m */ = {isa = PBXFileReference; fileEncoding = 4; lastKnownFileType = sourcecode.c.objc; path = CITransitionHelper.m; sourceTree = "<group>"; };
		96528DCE184F001E00282341 /* TransitionView.h */ = {isa = PBXFileReference; fileEncoding = 4; lastKnownFileType = sourcecode.c.h; path = TransitionView.h; sourceTree = "<group>"; };
		96528DCF184F001E00282341 /* TransitionView.m */ = {isa = PBXFileReference; fileEncoding = 4; lastKnownFileType = sourcecode.c.objc; path = TransitionView.m; sourceTree = "<group>"; };
		96528DD2184F013A00282341 /* mask.jpg */ = {isa = PBXFileReference; lastKnownFileType = image.jpeg; path = mask.jpg; sourceTree = "<group>"; };
		96528DD5184F070100282341 /* GLKit.framework */ = {isa = PBXFileReference; lastKnownFileType = wrapper.framework; name = GLKit.framework; path = System/Library/Frameworks/GLKit.framework; sourceTree = SDKROOT; };
		965C77481845EF7C00A29836 /* QRComposeEffects.app */ = {isa = PBXFileReference; explicitFileType = wrapper.application; includeInIndex = 0; path = QRComposeEffects.app; sourceTree = BUILT_PRODUCTS_DIR; };
		965C774B1845EF7C00A29836 /* Foundation.framework */ = {isa = PBXFileReference; lastKnownFileType = wrapper.framework; name = Foundation.framework; path = System/Library/Frameworks/Foundation.framework; sourceTree = SDKROOT; };
		965C774D1845EF7C00A29836 /* CoreGraphics.framework */ = {isa = PBXFileReference; lastKnownFileType = wrapper.framework; name = CoreGraphics.framework; path = System/Library/Frameworks/CoreGraphics.framework; sourceTree = SDKROOT; };
		965C774F1845EF7C00A29836 /* UIKit.framework */ = {isa = PBXFileReference; lastKnownFileType = wrapper.framework; name = UIKit.framework; path = System/Library/Frameworks/UIKit.framework; sourceTree = SDKROOT; };
		965C77531845EF7C00A29836 /* QRComposeEffects-Info.plist */ = {isa = PBXFileReference; lastKnownFileType = text.plist.xml; path = "QRComposeEffects-Info.plist"; sourceTree = "<group>"; };
		965C77551845EF7C00A29836 /* en */ = {isa = PBXFileReference; lastKnownFileType = text.plist.strings; name = en; path = en.lproj/InfoPlist.strings; sourceTree = "<group>"; };
		965C77571845EF7C00A29836 /* main.m */ = {isa = PBXFileReference; lastKnownFileType = sourcecode.c.objc; path = main.m; sourceTree = "<group>"; };
		965C77591845EF7C00A29836 /* QRComposeEffects-Prefix.pch */ = {isa = PBXFileReference; lastKnownFileType = sourcecode.c.h; path = "QRComposeEffects-Prefix.pch"; sourceTree = "<group>"; };
		965C775A1845EF7C00A29836 /* TRAppDelegate.h */ = {isa = PBXFileReference; lastKnownFileType = sourcecode.c.h; path = TRAppDelegate.h; sourceTree = "<group>"; };
		965C775B1845EF7C00A29836 /* TRAppDelegate.m */ = {isa = PBXFileReference; lastKnownFileType = sourcecode.c.objc; path = TRAppDelegate.m; sourceTree = "<group>"; };
		965C775E1845EF7C00A29836 /* Base */ = {isa = PBXFileReference; lastKnownFileType = file.storyboard; name = Base; path = Base.lproj/Main_iPhone.storyboard; sourceTree = "<group>"; };
		965C77611845EF7C00A29836 /* Base */ = {isa = PBXFileReference; lastKnownFileType = file.storyboard; name = Base; path = Base.lproj/Main_iPad.storyboard; sourceTree = "<group>"; };
		965C77631845EF7C00A29836 /* TRViewController.h */ = {isa = PBXFileReference; lastKnownFileType = sourcecode.c.h; path = TRViewController.h; sourceTree = "<group>"; };
		965C77641845EF7C00A29836 /* TRViewController.m */ = {isa = PBXFileReference; lastKnownFileType = sourcecode.c.objc; path = TRViewController.m; sourceTree = "<group>"; };
		965C776C1845EF7C00A29836 /* QRComposeEffectsTests.xctest */ = {isa = PBXFileReference; explicitFileType = wrapper.cfbundle; includeInIndex = 0; path = QRComposeEffectsTests.xctest; sourceTree = BUILT_PRODUCTS_DIR; };
		965C776D1845EF7C00A29836 /* XCTest.framework */ = {isa = PBXFileReference; lastKnownFileType = wrapper.framework; name = XCTest.framework; path = Library/Frameworks/XCTest.framework; sourceTree = DEVELOPER_DIR; };
		965C77751845EF7D00A29836 /* QRComposeEffectsTests-Info.plist */ = {isa = PBXFileReference; lastKnownFileType = text.plist.xml; path = "QRComposeEffectsTests-Info.plist"; sourceTree = "<group>"; };
		965C77771845EF7D00A29836 /* en */ = {isa = PBXFileReference; lastKnownFileType = text.plist.strings; name = en; path = en.lproj/InfoPlist.strings; sourceTree = "<group>"; };
		965C77791845EF7D00A29836 /* QRComposeEffectsTests.m */ = {isa = PBXFileReference; lastKnownFileType = sourcecode.c.objc; path = QRComposeEffectsTests.m; sourceTree = "<group>"; };
		965C778318460E0B00A29836 /* CoreImage.framework */ = {isa = PBXFileReference; lastKnownFileType = wrapper.framework; name = CoreImage.framework; path = System/Library/Frameworks/CoreImage.framework; sourceTree = SDKROOT; };
		965C77851848AC6B00A29836 /* Images.xcassets */ = {isa = PBXFileReference; lastKnownFileType = folder.assetcatalog; path = Images.xcassets; sourceTree = "<group>"; };
		965C77881848AC7C00A29836 /* IMG_5623.JPG */ = {isa = PBXFileReference; lastKnownFileType = image.jpeg; path = IMG_5623.JPG; sourceTree = "<group>"; };
		9681B5661862EE3300014EF2 /* texture1.jpg */ = {isa = PBXFileReference; lastKnownFileType = image.jpeg; path = texture1.jpg; sourceTree = "<group>"; };
/* End PBXFileReference section */

/* Begin PBXFrameworksBuildPhase section */
		965C77451845EF7C00A29836 /* Frameworks */ = {
			isa = PBXFrameworksBuildPhase;
			buildActionMask = 2147483647;
			files = (
				63A5E4B81850628A00B6EA42 /* QuartzCore.framework in Frameworks */,
				63A5E4B61850626900B6EA42 /* libiconv.dylib in Frameworks */,
				63A5E4B41850624500B6EA42 /* CoreMedia.framework in Frameworks */,
				63A5E4B21850623800B6EA42 /* AVFoundation.framework in Frameworks */,
				63A5E4B01850622F00B6EA42 /* CoreVideo.framework in Frameworks */,
				96528DD6184F070100282341 /* GLKit.framework in Frameworks */,
				965C774E1845EF7C00A29836 /* CoreGraphics.framework in Frameworks */,
				965C778418460E0B00A29836 /* CoreImage.framework in Frameworks */,
				965C77501845EF7C00A29836 /* UIKit.framework in Frameworks */,
				965C774C1845EF7C00A29836 /* Foundation.framework in Frameworks */,
			);
			runOnlyForDeploymentPostprocessing = 0;
		};
		965C77691845EF7C00A29836 /* Frameworks */ = {
			isa = PBXFrameworksBuildPhase;
			buildActionMask = 2147483647;
			files = (
				965C776E1845EF7C00A29836 /* XCTest.framework in Frameworks */,
				965C77701845EF7D00A29836 /* UIKit.framework in Frameworks */,
				965C776F1845EF7D00A29836 /* Foundation.framework in Frameworks */,
			);
			runOnlyForDeploymentPostprocessing = 0;
		};
/* End PBXFrameworksBuildPhase section */

/* Begin PBXGroup section */
		63AD48A21847302400CA3E75 /* libqrencode */ = {
			isa = PBXGroup;
			children = (
				63AD48A31847302400CA3E75 /* bitstream.c */,
				63AD48A41847302400CA3E75 /* bitstream.h */,
				63AD48A51847302400CA3E75 /* mask.c */,
				63AD48A61847302400CA3E75 /* mask.h */,
				63AD48A71847302400CA3E75 /* QRCodeGenerator.h */,
				63AD48A81847302400CA3E75 /* QRCodeGenerator.m */,
				63AD48A91847302400CA3E75 /* qrencode.c */,
				63AD48AA1847302400CA3E75 /* qrencode.h */,
				63AD48AB1847302400CA3E75 /* qrinput.c */,
				63AD48AC1847302400CA3E75 /* qrinput.h */,
				63AD48AD1847302400CA3E75 /* qrspec.c */,
				63AD48AE1847302400CA3E75 /* qrspec.h */,
				63AD48AF1847302400CA3E75 /* rscode.c */,
				63AD48B01847302400CA3E75 /* rscode.h */,
				63AD48B11847302400CA3E75 /* split.c */,
				63AD48B21847302400CA3E75 /* split.h */,
			);
			path = libqrencode;
			sourceTree = "<group>";
		};
		96528DC9184F001300282341 /* CITransitionHelper */ = {
			isa = PBXGroup;
			children = (
				96528DCA184F001300282341 /* CITransitionHelper.h */,
				96528DCB184F001300282341 /* CITransitionHelper.m */,
				96528DCE184F001E00282341 /* TransitionView.h */,
				96528DCF184F001E00282341 /* TransitionView.m */,
				96528DD2184F013A00282341 /* mask.jpg */,
			);
			path = CITransitionHelper;
			sourceTree = "<group>";
		};
		965C773F1845EF7C00A29836 = {
			isa = PBXGroup;
			children = (
				965C77511845EF7C00A29836 /* QRComposeEffects */,
				965C77731845EF7D00A29836 /* QRComposeEffectsTests */,
				965C774A1845EF7C00A29836 /* Frameworks */,
				965C77491845EF7C00A29836 /* Products */,
			);
			sourceTree = "<group>";
		};
		965C77491845EF7C00A29836 /* Products */ = {
			isa = PBXGroup;
			children = (
				965C77481845EF7C00A29836 /* QRComposeEffects.app */,
				965C776C1845EF7C00A29836 /* QRComposeEffectsTests.xctest */,
			);
			name = Products;
			sourceTree = "<group>";
		};
		965C774A1845EF7C00A29836 /* Frameworks */ = {
			isa = PBXGroup;
			children = (
				63A5E4B71850628A00B6EA42 /* QuartzCore.framework */,
				63A5E4B51850626900B6EA42 /* libiconv.dylib */,
				63A5E4B31850624500B6EA42 /* CoreMedia.framework */,
				63A5E4B11850623800B6EA42 /* AVFoundation.framework */,
				63A5E4AF1850622F00B6EA42 /* CoreVideo.framework */,
				96528DD5184F070100282341 /* GLKit.framework */,
				965C778318460E0B00A29836 /* CoreImage.framework */,
				965C774B1845EF7C00A29836 /* Foundation.framework */,
				965C774D1845EF7C00A29836 /* CoreGraphics.framework */,
				965C774F1845EF7C00A29836 /* UIKit.framework */,
				965C776D1845EF7C00A29836 /* XCTest.framework */,
			);
			name = Frameworks;
			sourceTree = "<group>";
		};
		965C77511845EF7C00A29836 /* QRComposeEffects */ = {
			isa = PBXGroup;
			children = (
				63AD48A21847302400CA3E75 /* libqrencode */,
				96528DC9184F001300282341 /* CITransitionHelper */,
				63AD48B31847302400CA3E75 /* TRFilterGenerator.h */,
				63AD48B41847302400CA3E75 /* TRFilterGenerator.m */,
				965C775A1845EF7C00A29836 /* TRAppDelegate.h */,
				965C775B1845EF7C00A29836 /* TRAppDelegate.m */,
				965C775D1845EF7C00A29836 /* Main_iPhone.storyboard */,
				965C77601845EF7C00A29836 /* Main_iPad.storyboard */,
				965C77631845EF7C00A29836 /* TRViewController.h */,
				965C77641845EF7C00A29836 /* TRViewController.m */,
				965C77851848AC6B00A29836 /* Images.xcassets */,
				965C77881848AC7C00A29836 /* IMG_5623.JPG */,
				9647CC761855B22900DA9FD4 /* CIMG0285.JPG */,
				9681B5661862EE3300014EF2 /* texture1.jpg */,
				965C77521845EF7C00A29836 /* Supporting Files */,
			);
			path = QRComposeEffects;
			sourceTree = "<group>";
		};
		965C77521845EF7C00A29836 /* Supporting Files */ = {
			isa = PBXGroup;
			children = (
				965C77531845EF7C00A29836 /* QRComposeEffects-Info.plist */,
				965C77541845EF7C00A29836 /* InfoPlist.strings */,
				965C77571845EF7C00A29836 /* main.m */,
				965C77591845EF7C00A29836 /* QRComposeEffects-Prefix.pch */,
			);
			name = "Supporting Files";
			sourceTree = "<group>";
		};
		965C77731845EF7D00A29836 /* QRComposeEffectsTests */ = {
			isa = PBXGroup;
			children = (
				965C77791845EF7D00A29836 /* QRComposeEffectsTests.m */,
				965C77741845EF7D00A29836 /* Supporting Files */,
			);
			path = QRComposeEffectsTests;
			sourceTree = "<group>";
		};
		965C77741845EF7D00A29836 /* Supporting Files */ = {
			isa = PBXGroup;
			children = (
				965C77751845EF7D00A29836 /* QRComposeEffectsTests-Info.plist */,
				965C77761845EF7D00A29836 /* InfoPlist.strings */,
			);
			name = "Supporting Files";
			sourceTree = "<group>";
		};
/* End PBXGroup section */

/* Begin PBXNativeTarget section */
		965C77471845EF7C00A29836 /* QRComposeEffects */ = {
			isa = PBXNativeTarget;
			buildConfigurationList = 965C777D1845EF7D00A29836 /* Build configuration list for PBXNativeTarget "QRComposeEffects" */;
			buildPhases = (
				965C77441845EF7C00A29836 /* Sources */,
				965C77451845EF7C00A29836 /* Frameworks */,
				965C77461845EF7C00A29836 /* Resources */,
			);
			buildRules = (
			);
			dependencies = (
			);
			name = QRComposeEffects;
			productName = QRComposeEffects;
			productReference = 965C77481845EF7C00A29836 /* QRComposeEffects.app */;
			productType = "com.apple.product-type.application";
		};
		965C776B1845EF7C00A29836 /* QRComposeEffectsTests */ = {
			isa = PBXNativeTarget;
			buildConfigurationList = 965C77801845EF7D00A29836 /* Build configuration list for PBXNativeTarget "QRComposeEffectsTests" */;
			buildPhases = (
				965C77681845EF7C00A29836 /* Sources */,
				965C77691845EF7C00A29836 /* Frameworks */,
				965C776A1845EF7C00A29836 /* Resources */,
			);
			buildRules = (
			);
			dependencies = (
				965C77721845EF7D00A29836 /* PBXTargetDependency */,
			);
			name = QRComposeEffectsTests;
			productName = QRComposeEffectsTests;
			productReference = 965C776C1845EF7C00A29836 /* QRComposeEffectsTests.xctest */;
			productType = "com.apple.product-type.bundle.unit-test";
		};
/* End PBXNativeTarget section */

/* Begin PBXProject section */
		965C77401845EF7C00A29836 /* Project object */ = {
			isa = PBXProject;
			attributes = {
				CLASSPREFIX = TR;
				LastUpgradeCheck = 0500;
				ORGANIZATIONNAME = "Tora Wu";
				TargetAttributes = {
					965C77471845EF7C00A29836 = {
						DevelopmentTeam = 29BYGG9DBC;
					};
					965C776B1845EF7C00A29836 = {
						TestTargetID = 965C77471845EF7C00A29836;
					};
				};
			};
			buildConfigurationList = 965C77431845EF7C00A29836 /* Build configuration list for PBXProject "QRComposeEffects" */;
			compatibilityVersion = "Xcode 3.2";
			developmentRegion = English;
			hasScannedForEncodings = 0;
			knownRegions = (
				en,
				Base,
			);
			mainGroup = 965C773F1845EF7C00A29836;
			productRefGroup = 965C77491845EF7C00A29836 /* Products */;
			projectDirPath = "";
			projectRoot = "";
			targets = (
				965C77471845EF7C00A29836 /* QRComposeEffects */,
				965C776B1845EF7C00A29836 /* QRComposeEffectsTests */,
			);
		};
/* End PBXProject section */

/* Begin PBXResourcesBuildPhase section */
		965C77461845EF7C00A29836 /* Resources */ = {
			isa = PBXResourcesBuildPhase;
			buildActionMask = 2147483647;
			files = (
				9681B5671862EE3300014EF2 /* texture1.jpg in Resources */,
				9647CC771855B22900DA9FD4 /* CIMG0285.JPG in Resources */,
				965C77621845EF7C00A29836 /* Main_iPad.storyboard in Resources */,
				96528DD3184F013A00282341 /* mask.jpg in Resources */,
				965C77861848AC6B00A29836 /* Images.xcassets in Resources */,
				965C77891848AC7C00A29836 /* IMG_5623.JPG in Resources */,
				965C775F1845EF7C00A29836 /* Main_iPhone.storyboard in Resources */,
				965C77561845EF7C00A29836 /* InfoPlist.strings in Resources */,
			);
			runOnlyForDeploymentPostprocessing = 0;
		};
		965C776A1845EF7C00A29836 /* Resources */ = {
			isa = PBXResourcesBuildPhase;
			buildActionMask = 2147483647;
			files = (
				9681B5681862EE3300014EF2 /* texture1.jpg in Resources */,
				965C77781845EF7D00A29836 /* InfoPlist.strings in Resources */,
				9647CC781855B22900DA9FD4 /* CIMG0285.JPG in Resources */,
				965C77871848AC6B00A29836 /* Images.xcassets in Resources */,
				965C778A1848AC7C00A29836 /* IMG_5623.JPG in Resources */,
				96528DD4184F013A00282341 /* mask.jpg in Resources */,
			);
			runOnlyForDeploymentPostprocessing = 0;
		};
/* End PBXResourcesBuildPhase section */

/* Begin PBXSourcesBuildPhase section */
		965C77441845EF7C00A29836 /* Sources */ = {
			isa = PBXSourcesBuildPhase;
			buildActionMask = 2147483647;
			files = (
				63AD48B61847302400CA3E75 /* mask.c in Sources */,
				96528DCC184F001300282341 /* CITransitionHelper.m in Sources */,
				63AD48BA1847302400CA3E75 /* qrspec.c in Sources */,
				965C775C1845EF7C00A29836 /* TRAppDelegate.m in Sources */,
				63AD48BB1847302400CA3E75 /* rscode.c in Sources */,
				965C77581845EF7C00A29836 /* main.m in Sources */,
				965C77651845EF7C00A29836 /* TRViewController.m in Sources */,
				63AD48B81847302400CA3E75 /* qrencode.c in Sources */,
				63AD48B91847302400CA3E75 /* qrinput.c in Sources */,
				63AD48BC1847302400CA3E75 /* split.c in Sources */,
				63AD48BD1847302400CA3E75 /* TRFilterGenerator.m in Sources */,
				63AD48B51847302400CA3E75 /* bitstream.c in Sources */,
				63AD48B71847302400CA3E75 /* QRCodeGenerator.m in Sources */,
				96528DD0184F001E00282341 /* TransitionView.m in Sources */,
			);
			runOnlyForDeploymentPostprocessing = 0;
		};
		965C77681845EF7C00A29836 /* Sources */ = {
			isa = PBXSourcesBuildPhase;
			buildActionMask = 2147483647;
			files = (
				96528DD1184F001E00282341 /* TransitionView.m in Sources */,
				96528DCD184F001300282341 /* CITransitionHelper.m in Sources */,
				965C777A1845EF7D00A29836 /* QRComposeEffectsTests.m in Sources */,
			);
			runOnlyForDeploymentPostprocessing = 0;
		};
/* End PBXSourcesBuildPhase section */

/* Begin PBXTargetDependency section */
		965C77721845EF7D00A29836 /* PBXTargetDependency */ = {
			isa = PBXTargetDependency;
			target = 965C77471845EF7C00A29836 /* QRComposeEffects */;
			targetProxy = 965C77711845EF7D00A29836 /* PBXContainerItemProxy */;
		};
/* End PBXTargetDependency section */

/* Begin PBXVariantGroup section */
		965C77541845EF7C00A29836 /* InfoPlist.strings */ = {
			isa = PBXVariantGroup;
			children = (
				965C77551845EF7C00A29836 /* en */,
			);
			name = InfoPlist.strings;
			sourceTree = "<group>";
		};
		965C775D1845EF7C00A29836 /* Main_iPhone.storyboard */ = {
			isa = PBXVariantGroup;
			children = (
				965C775E1845EF7C00A29836 /* Base */,
			);
			name = Main_iPhone.storyboard;
			sourceTree = "<group>";
		};
		965C77601845EF7C00A29836 /* Main_iPad.storyboard */ = {
			isa = PBXVariantGroup;
			children = (
				965C77611845EF7C00A29836 /* Base */,
			);
			name = Main_iPad.storyboard;
			sourceTree = "<group>";
		};
		965C77761845EF7D00A29836 /* InfoPlist.strings */ = {
			isa = PBXVariantGroup;
			children = (
				965C77771845EF7D00A29836 /* en */,
			);
			name = InfoPlist.strings;
			sourceTree = "<group>";
		};
/* End PBXVariantGroup section */

/* Begin XCBuildConfiguration section */
		965C777B1845EF7D00A29836 /* Debug */ = {
			isa = XCBuildConfiguration;
			buildSettings = {
				ALWAYS_SEARCH_USER_PATHS = NO;
				ARCHS = "$(ARCHS_STANDARD_INCLUDING_64_BIT)";
				CLANG_CXX_LANGUAGE_STANDARD = "gnu++0x";
				CLANG_CXX_LIBRARY = "libc++";
				CLANG_ENABLE_MODULES = YES;
				CLANG_ENABLE_OBJC_ARC = YES;
				CLANG_WARN_BOOL_CONVERSION = YES;
				CLANG_WARN_CONSTANT_CONVERSION = YES;
				CLANG_WARN_DIRECT_OBJC_ISA_USAGE = YES_ERROR;
				CLANG_WARN_EMPTY_BODY = YES;
				CLANG_WARN_ENUM_CONVERSION = YES;
				CLANG_WARN_INT_CONVERSION = YES;
				CLANG_WARN_OBJC_ROOT_CLASS = YES_ERROR;
				CLANG_WARN__DUPLICATE_METHOD_MATCH = YES;
				"CODE_SIGN_IDENTITY[sdk=iphoneos*]" = "iPhone Developer";
				COPY_PHASE_STRIP = NO;
				GCC_C_LANGUAGE_STANDARD = gnu99;
				GCC_DYNAMIC_NO_PIC = NO;
				GCC_OPTIMIZATION_LEVEL = 0;
				GCC_PREPROCESSOR_DEFINITIONS = (
					"DEBUG=1",
					"$(inherited)",
				);
				GCC_SYMBOLS_PRIVATE_EXTERN = NO;
				GCC_WARN_64_TO_32_BIT_CONVERSION = YES;
				GCC_WARN_ABOUT_RETURN_TYPE = YES_ERROR;
				GCC_WARN_UNDECLARED_SELECTOR = YES;
				GCC_WARN_UNINITIALIZED_AUTOS = YES;
				GCC_WARN_UNUSED_FUNCTION = YES;
				GCC_WARN_UNUSED_VARIABLE = YES;
				IPHONEOS_DEPLOYMENT_TARGET = 7.0;
				ONLY_ACTIVE_ARCH = YES;
				SDKROOT = iphoneos;
				TARGETED_DEVICE_FAMILY = "1,2";
			};
			name = Debug;
		};
		965C777C1845EF7D00A29836 /* Release */ = {
			isa = XCBuildConfiguration;
			buildSettings = {
				ALWAYS_SEARCH_USER_PATHS = NO;
				ARCHS = "$(ARCHS_STANDARD_INCLUDING_64_BIT)";
				CLANG_CXX_LANGUAGE_STANDARD = "gnu++0x";
				CLANG_CXX_LIBRARY = "libc++";
				CLANG_ENABLE_MODULES = YES;
				CLANG_ENABLE_OBJC_ARC = YES;
				CLANG_WARN_BOOL_CONVERSION = YES;
				CLANG_WARN_CONSTANT_CONVERSION = YES;
				CLANG_WARN_DIRECT_OBJC_ISA_USAGE = YES_ERROR;
				CLANG_WARN_EMPTY_BODY = YES;
				CLANG_WARN_ENUM_CONVERSION = YES;
				CLANG_WARN_INT_CONVERSION = YES;
				CLANG_WARN_OBJC_ROOT_CLASS = YES_ERROR;
				CLANG_WARN__DUPLICATE_METHOD_MATCH = YES;
				"CODE_SIGN_IDENTITY[sdk=iphoneos*]" = "iPhone Developer";
				COPY_PHASE_STRIP = YES;
				ENABLE_NS_ASSERTIONS = NO;
				GCC_C_LANGUAGE_STANDARD = gnu99;
				GCC_WARN_64_TO_32_BIT_CONVERSION = YES;
				GCC_WARN_ABOUT_RETURN_TYPE = YES_ERROR;
				GCC_WARN_UNDECLARED_SELECTOR = YES;
				GCC_WARN_UNINITIALIZED_AUTOS = YES;
				GCC_WARN_UNUSED_FUNCTION = YES;
				GCC_WARN_UNUSED_VARIABLE = YES;
				IPHONEOS_DEPLOYMENT_TARGET = 7.0;
				SDKROOT = iphoneos;
				TARGETED_DEVICE_FAMILY = "1,2";
				VALIDATE_PRODUCT = YES;
			};
			name = Release;
		};
		965C777E1845EF7D00A29836 /* Debug */ = {
			isa = XCBuildConfiguration;
			buildSettings = {
				ASSETCATALOG_COMPILER_APPICON_NAME = AppIcon;
				ASSETCATALOG_COMPILER_LAUNCHIMAGE_NAME = LaunchImage;
				CODE_SIGN_IDENTITY = "iPhone Developer";
				"CODE_SIGN_IDENTITY[sdk=iphoneos*]" = "iPhone Developer";
				GCC_PRECOMPILE_PREFIX_HEADER = YES;
				GCC_PREFIX_HEADER = "QRComposeEffects/QRComposeEffects-Prefix.pch";
				INFOPLIST_FILE = "QRComposeEffects/QRComposeEffects-Info.plist";
				IPHONEOS_DEPLOYMENT_TARGET = 7.0;
				LIBRARY_SEARCH_PATHS = (
					"$(inherited)",
					/Users/other/Desktop/QRComposeEffects/QRComposeEffects/ZBarSDK,
					/Users/tora/Documents/QRComposeEffects/QRComposeEffects/ZBarSDK,
				);
				ONLY_ACTIVE_ARCH = YES;
				PRODUCT_NAME = "$(TARGET_NAME)";
				PROVISIONING_PROFILE = "";
				VALID_ARCHS = "armv7 arm64 armv7s";
				WRAPPER_EXTENSION = app;
			};
			name = Debug;
		};
		965C777F1845EF7D00A29836 /* Release */ = {
			isa = XCBuildConfiguration;
			buildSettings = {
				ASSETCATALOG_COMPILER_APPICON_NAME = AppIcon;
				ASSETCATALOG_COMPILER_LAUNCHIMAGE_NAME = LaunchImage;
				CODE_SIGN_IDENTITY = "iPhone Developer";
				"CODE_SIGN_IDENTITY[sdk=iphoneos*]" = "iPhone Developer";
				GCC_PRECOMPILE_PREFIX_HEADER = YES;
				GCC_PREFIX_HEADER = "QRComposeEffects/QRComposeEffects-Prefix.pch";
				INFOPLIST_FILE = "QRComposeEffects/QRComposeEffects-Info.plist";
				IPHONEOS_DEPLOYMENT_TARGET = 7.0;
				LIBRARY_SEARCH_PATHS = (
					"$(inherited)",
					/Users/other/Desktop/QRComposeEffects/QRComposeEffects/ZBarSDK,
					/Users/tora/Documents/QRComposeEffects/QRComposeEffects/ZBarSDK,
				);
				ONLY_ACTIVE_ARCH = NO;
				PRODUCT_NAME = "$(TARGET_NAME)";
				PROVISIONING_PROFILE = "";
				VALID_ARCHS = "armv7 arm64 armv7s";
				WRAPPER_EXTENSION = app;
			};
			name = Release;
		};
		965C77811845EF7D00A29836 /* Debug */ = {
			isa = XCBuildConfiguration;
			buildSettings = {
				ARCHS = "$(ARCHS_STANDARD_INCLUDING_64_BIT)";
				BUNDLE_LOADER = "$(BUILT_PRODUCTS_DIR)/QRComposeEffects.app/QRComposeEffects";
				FRAMEWORK_SEARCH_PATHS = (
					"$(SDKROOT)/Developer/Library/Frameworks",
					"$(inherited)",
					"$(DEVELOPER_FRAMEWORKS_DIR)",
				);
				GCC_PRECOMPILE_PREFIX_HEADER = YES;
				GCC_PREFIX_HEADER = "QRComposeEffects/QRComposeEffects-Prefix.pch";
				GCC_PREPROCESSOR_DEFINITIONS = (
					"DEBUG=1",
					"$(inherited)",
				);
				INFOPLIST_FILE = "QRComposeEffectsTests/QRComposeEffectsTests-Info.plist";
				PRODUCT_NAME = "$(TARGET_NAME)";
				TEST_HOST = "$(BUNDLE_LOADER)";
				WRAPPER_EXTENSION = xctest;
			};
			name = Debug;
		};
		965C77821845EF7D00A29836 /* Release */ = {
			isa = XCBuildConfiguration;
			buildSettings = {
				ARCHS = "$(ARCHS_STANDARD_INCLUDING_64_BIT)";
				BUNDLE_LOADER = "$(BUILT_PRODUCTS_DIR)/QRComposeEffects.app/QRComposeEffects";
				FRAMEWORK_SEARCH_PATHS = (
					"$(SDKROOT)/Developer/Library/Frameworks",
					"$(inherited)",
					"$(DEVELOPER_FRAMEWORKS_DIR)",
				);
				GCC_PRECOMPILE_PREFIX_HEADER = YES;
				GCC_PREFIX_HEADER = "QRComposeEffects/QRComposeEffects-Prefix.pch";
				INFOPLIST_FILE = "QRComposeEffectsTests/QRComposeEffectsTests-Info.plist";
				PRODUCT_NAME = "$(TARGET_NAME)";
				TEST_HOST = "$(BUNDLE_LOADER)";
				WRAPPER_EXTENSION = xctest;
			};
			name = Release;
		};
/* End XCBuildConfiguration section */

/* Begin XCConfigurationList section */
		965C77431845EF7C00A29836 /* Build configuration list for PBXProject "QRComposeEffects" */ = {
			isa = XCConfigurationList;
			buildConfigurations = (
				965C777B1845EF7D00A29836 /* Debug */,
				965C777C1845EF7D00A29836 /* Release */,
			);
			defaultConfigurationIsVisible = 0;
			defaultConfigurationName = Release;
		};
		965C777D1845EF7D00A29836 /* Build configuration list for PBXNativeTarget "QRComposeEffects" */ = {
			isa = XCConfigurationList;
			buildConfigurations = (
				965C777E1845EF7D00A29836 /* Debug */,
				965C777F1845EF7D00A29836 /* Release */,
			);
			defaultConfigurationIsVisible = 0;
			defaultConfigurationName = Release;
		};
		965C77801845EF7D00A29836 /* Build configuration list for PBXNativeTarget "QRComposeEffectsTests" */ = {
			isa = XCConfigurationList;
			buildConfigurations = (
				965C77811845EF7D00A29836 /* Debug */,
				965C77821845EF7D00A29836 /* Release */,
			);
			defaultConfigurationIsVisible = 0;
			defaultConfigurationName = Release;
		};
/* End XCConfigurationList section */
	};
	rootObject = 965C77401845EF7C00A29836 /* Project object */;
}
